// !$*UTF8*$!
{
	archiveVersion = 1;
	classes = {
	};
	objectVersion = 50;
	objects = {

/* Begin PBXBuildFile section */
		A89755EC2162EBED002566B1 /* AppDelegate.swift in Sources */ = {isa = PBXBuildFile; fileRef = A89755EB2162EBED002566B1 /* AppDelegate.swift */; };
		A89755EE2162EBED002566B1 /* ViewController.swift in Sources */ = {isa = PBXBuildFile; fileRef = A89755ED2162EBED002566B1 /* ViewController.swift */; };
		A89755F12162EBED002566B1 /* Main.storyboard in Resources */ = {isa = PBXBuildFile; fileRef = A89755EF2162EBED002566B1 /* Main.storyboard */; };
		A89755F32162EBF0002566B1 /* Assets.xcassets in Resources */ = {isa = PBXBuildFile; fileRef = A89755F22162EBF0002566B1 /* Assets.xcassets */; };
		A89755F62162EBF0002566B1 /* LaunchScreen.storyboard in Resources */ = {isa = PBXBuildFile; fileRef = A89755F42162EBF0002566B1 /* LaunchScreen.storyboard */; };
		A89756012162EBF0002566B1 /* HelloTests.swift in Sources */ = {isa = PBXBuildFile; fileRef = A89756002162EBF0002566B1 /* HelloTests.swift */; };
		A897560C2162EBF0002566B1 /* HelloUITests.swift in Sources */ = {isa = PBXBuildFile; fileRef = A897560B2162EBF0002566B1 /* HelloUITests.swift */; };
/* End PBXBuildFile section */

/* Begin PBXContainerItemProxy section */
		A89755FD2162EBF0002566B1 /* PBXContainerItemProxy */ = {
			isa = PBXContainerItemProxy;
			containerPortal = A89755E02162EBED002566B1 /* Project object */;
			proxyType = 1;
			remoteGlobalIDString = A89755E72162EBED002566B1;
			remoteInfo = Hello;
		};
		A89756082162EBF0002566B1 /* PBXContainerItemProxy */ = {
			isa = PBXContainerItemProxy;
			containerPortal = A89755E02162EBED002566B1 /* Project object */;
			proxyType = 1;
			remoteGlobalIDString = A89755E72162EBED002566B1;
			remoteInfo = Hello;
		};
/* End PBXContainerItemProxy section */

/* Begin PBXFileReference section */
		A89755E82162EBED002566B1 /* Hello.app */ = {isa = PBXFileReference; explicitFileType = wrapper.application; includeInIndex = 0; path = Hello.app; sourceTree = BUILT_PRODUCTS_DIR; };
		A89755EB2162EBED002566B1 /* AppDelegate.swift */ = {isa = PBXFileReference; lastKnownFileType = sourcecode.swift; path = AppDelegate.swift; sourceTree = "<group>"; };
		A89755ED2162EBED002566B1 /* ViewController.swift */ = {isa = PBXFileReference; lastKnownFileType = sourcecode.swift; path = ViewController.swift; sourceTree = "<group>"; };
		A89755F02162EBED002566B1 /* Base */ = {isa = PBXFileReference; lastKnownFileType = file.storyboard; name = Base; path = Base.lproj/Main.storyboard; sourceTree = "<group>"; };
		A89755F22162EBF0002566B1 /* Assets.xcassets */ = {isa = PBXFileReference; lastKnownFileType = folder.assetcatalog; path = Assets.xcassets; sourceTree = "<group>"; };
		A89755F52162EBF0002566B1 /* Base */ = {isa = PBXFileReference; lastKnownFileType = file.storyboard; name = Base; path = Base.lproj/LaunchScreen.storyboard; sourceTree = "<group>"; };
		A89755F72162EBF0002566B1 /* Info.plist */ = {isa = PBXFileReference; lastKnownFileType = text.plist.xml; path = Info.plist; sourceTree = "<group>"; };
		A89755FC2162EBF0002566B1 /* HelloTests.xctest */ = {isa = PBXFileReference; explicitFileType = wrapper.cfbundle; includeInIndex = 0; path = HelloTests.xctest; sourceTree = BUILT_PRODUCTS_DIR; };
		A89756002162EBF0002566B1 /* HelloTests.swift */ = {isa = PBXFileReference; lastKnownFileType = sourcecode.swift; path = HelloTests.swift; sourceTree = "<group>"; };
		A89756022162EBF0002566B1 /* Info.plist */ = {isa = PBXFileReference; lastKnownFileType = text.plist.xml; path = Info.plist; sourceTree = "<group>"; };
		A89756072162EBF0002566B1 /* HelloUITests.xctest */ = {isa = PBXFileReference; explicitFileType = wrapper.cfbundle; includeInIndex = 0; path = HelloUITests.xctest; sourceTree = BUILT_PRODUCTS_DIR; };
		A897560B2162EBF0002566B1 /* HelloUITests.swift */ = {isa = PBXFileReference; lastKnownFileType = sourcecode.swift; path = HelloUITests.swift; sourceTree = "<group>"; };
		A897560D2162EBF0002566B1 /* Info.plist */ = {isa = PBXFileReference; lastKnownFileType = text.plist.xml; path = Info.plist; sourceTree = "<group>"; };
/* End PBXFileReference section */

/* Begin PBXFrameworksBuildPhase section */
		A89755E52162EBED002566B1 /* Frameworks */ = {
			isa = PBXFrameworksBuildPhase;
			buildActionMask = 2147483647;
			files = (
			);
			runOnlyForDeploymentPostprocessing = 0;
		};
		A89755F92162EBF0002566B1 /* Frameworks */ = {
			isa = PBXFrameworksBuildPhase;
			buildActionMask = 2147483647;
			files = (
			);
			runOnlyForDeploymentPostprocessing = 0;
		};
		A89756042162EBF0002566B1 /* Frameworks */ = {
			isa = PBXFrameworksBuildPhase;
			buildActionMask = 2147483647;
			files = (
			);
			runOnlyForDeploymentPostprocessing = 0;
		};
/* End PBXFrameworksBuildPhase section */

/* Begin PBXGroup section */
		A89755DF2162EBED002566B1 = {
			isa = PBXGroup;
			children = (
				A89755EA2162EBED002566B1 /* Hello */,
				A89755FF2162EBF0002566B1 /* HelloTests */,
				A897560A2162EBF0002566B1 /* HelloUITests */,
				A89755E92162EBED002566B1 /* Products */,
			);
			sourceTree = "<group>";
		};
		A89755E92162EBED002566B1 /* Products */ = {
			isa = PBXGroup;
			children = (
				A89755E82162EBED002566B1 /* Hello.app */,
				A89755FC2162EBF0002566B1 /* HelloTests.xctest */,
				A89756072162EBF0002566B1 /* HelloUITests.xctest */,
			);
			name = Products;
			sourceTree = "<group>";
		};
		A89755EA2162EBED002566B1 /* Hello */ = {
			isa = PBXGroup;
			children = (
				A89755EB2162EBED002566B1 /* AppDelegate.swift */,
				A89755ED2162EBED002566B1 /* ViewController.swift */,
				A89755EF2162EBED002566B1 /* Main.storyboard */,
				A89755F22162EBF0002566B1 /* Assets.xcassets */,
				A89755F42162EBF0002566B1 /* LaunchScreen.storyboard */,
				A89755F72162EBF0002566B1 /* Info.plist */,
			);
			path = Hello;
			sourceTree = "<group>";
		};
		A89755FF2162EBF0002566B1 /* HelloTests */ = {
			isa = PBXGroup;
			children = (
				A89756002162EBF0002566B1 /* HelloTests.swift */,
				A89756022162EBF0002566B1 /* Info.plist */,
			);
			path = HelloTests;
			sourceTree = "<group>";
		};
		A897560A2162EBF0002566B1 /* HelloUITests */ = {
			isa = PBXGroup;
			children = (
				A897560B2162EBF0002566B1 /* HelloUITests.swift */,
				A897560D2162EBF0002566B1 /* Info.plist */,
			);
			path = HelloUITests;
			sourceTree = "<group>";
		};
/* End PBXGroup section */

/* Begin PBXNativeTarget section */
		A89755E72162EBED002566B1 /* Hello */ = {
			isa = PBXNativeTarget;
			buildConfigurationList = A89756102162EBF0002566B1 /* Build configuration list for PBXNativeTarget "Hello" */;
			buildPhases = (
				A89755E42162EBED002566B1 /* Sources */,
				A89755E52162EBED002566B1 /* Frameworks */,
				A89755E62162EBED002566B1 /* Resources */,
			);
			buildRules = (
			);
			dependencies = (
			);
			name = Hello;
			productName = Hello;
			productReference = A89755E82162EBED002566B1 /* Hello.app */;
			productType = "com.apple.product-type.application";
		};
		A89755FB2162EBF0002566B1 /* HelloTests */ = {
			isa = PBXNativeTarget;
			buildConfigurationList = A89756132162EBF0002566B1 /* Build configuration list for PBXNativeTarget "HelloTests" */;
			buildPhases = (
				A89755F82162EBF0002566B1 /* Sources */,
				A89755F92162EBF0002566B1 /* Frameworks */,
				A89755FA2162EBF0002566B1 /* Resources */,
			);
			buildRules = (
			);
			dependencies = (
				A89755FE2162EBF0002566B1 /* PBXTargetDependency */,
			);
			name = HelloTests;
			productName = HelloTests;
			productReference = A89755FC2162EBF0002566B1 /* HelloTests.xctest */;
			productType = "com.apple.product-type.bundle.unit-test";
		};
		A89756062162EBF0002566B1 /* HelloUITests */ = {
			isa = PBXNativeTarget;
			buildConfigurationList = A89756162162EBF0002566B1 /* Build configuration list for PBXNativeTarget "HelloUITests" */;
			buildPhases = (
				A89756032162EBF0002566B1 /* Sources */,
				A89756042162EBF0002566B1 /* Frameworks */,
				A89756052162EBF0002566B1 /* Resources */,
			);
			buildRules = (
			);
			dependencies = (
				A89756092162EBF0002566B1 /* PBXTargetDependency */,
			);
			name = HelloUITests;
			productName = HelloUITests;
			productReference = A89756072162EBF0002566B1 /* HelloUITests.xctest */;
			productType = "com.apple.product-type.bundle.ui-testing";
		};
/* End PBXNativeTarget section */

/* Begin PBXProject section */
		A89755E02162EBED002566B1 /* Project object */ = {
			isa = PBXProject;
			attributes = {
				LastSwiftUpdateCheck = 1000;
				LastUpgradeCheck = 1000;
				ORGANIZATIONNAME = "Sarthak Turkhia";
				TargetAttributes = {
					A89755E72162EBED002566B1 = {
						CreatedOnToolsVersion = 10.0;
					};
					A89755FB2162EBF0002566B1 = {
						CreatedOnToolsVersion = 10.0;
						TestTargetID = A89755E72162EBED002566B1;
					};
					A89756062162EBF0002566B1 = {
						CreatedOnToolsVersion = 10.0;
						TestTargetID = A89755E72162EBED002566B1;
					};
				};
			};
			buildConfigurationList = A89755E32162EBED002566B1 /* Build configuration list for PBXProject "Hello" */;
			compatibilityVersion = "Xcode 9.3";
			developmentRegion = en;
			hasScannedForEncodings = 0;
			knownRegions = (
				en,
				Base,
			);
			mainGroup = A89755DF2162EBED002566B1;
			productRefGroup = A89755E92162EBED002566B1 /* Products */;
			projectDirPath = "";
			projectRoot = "";
			targets = (
				A89755E72162EBED002566B1 /* Hello */,
				A89755FB2162EBF0002566B1 /* HelloTests */,
				A89756062162EBF0002566B1 /* HelloUITests */,
			);
		};
/* End PBXProject section */

/* Begin PBXResourcesBuildPhase section */
		A89755E62162EBED002566B1 /* Resources */ = {
			isa = PBXResourcesBuildPhase;
			buildActionMask = 2147483647;
			files = (
				A89755F62162EBF0002566B1 /* LaunchScreen.storyboard in Resources */,
				A89755F32162EBF0002566B1 /* Assets.xcassets in Resources */,
				A89755F12162EBED002566B1 /* Main.storyboard in Resources */,
			);
			runOnlyForDeploymentPostprocessing = 0;
		};
		A89755FA2162EBF0002566B1 /* Resources */ = {
			isa = PBXResourcesBuildPhase;
			buildActionMask = 2147483647;
			files = (
			);
			runOnlyForDeploymentPostprocessing = 0;
		};
		A89756052162EBF0002566B1 /* Resources */ = {
			isa = PBXResourcesBuildPhase;
			buildActionMask = 2147483647;
			files = (
			);
			runOnlyForDeploymentPostprocessing = 0;
		};
/* End PBXResourcesBuildPhase section */

/* Begin PBXSourcesBuildPhase section */
		A89755E42162EBED002566B1 /* Sources */ = {
			isa = PBXSourcesBuildPhase;
			buildActionMask = 2147483647;
			files = (
				A89755EE2162EBED002566B1 /* ViewController.swift in Sources */,
				A89755EC2162EBED002566B1 /* AppDelegate.swift in Sources */,
			);
			runOnlyForDeploymentPostprocessing = 0;
		};
		A89755F82162EBF0002566B1 /* Sources */ = {
			isa = PBXSourcesBuildPhase;
			buildActionMask = 2147483647;
			files = (
				A89756012162EBF0002566B1 /* HelloTests.swift in Sources */,
			);
			runOnlyForDeploymentPostprocessing = 0;
		};
		A89756032162EBF0002566B1 /* Sources */ = {
			isa = PBXSourcesBuildPhase;
			buildActionMask = 2147483647;
			files = (
				A897560C2162EBF0002566B1 /* HelloUITests.swift in Sources */,
			);
			runOnlyForDeploymentPostprocessing = 0;
		};
/* End PBXSourcesBuildPhase section */

/* Begin PBXTargetDependency section */
		A89755FE2162EBF0002566B1 /* PBXTargetDependency */ = {
			isa = PBXTargetDependency;
			target = A89755E72162EBED002566B1 /* Hello */;
			targetProxy = A89755FD2162EBF0002566B1 /* PBXContainerItemProxy */;
		};
		A89756092162EBF0002566B1 /* PBXTargetDependency */ = {
			isa = PBXTargetDependency;
			target = A89755E72162EBED002566B1 /* Hello */;
			targetProxy = A89756082162EBF0002566B1 /* PBXContainerItemProxy */;
		};
/* End PBXTargetDependency section */

/* Begin PBXVariantGroup section */
		A89755EF2162EBED002566B1 /* Main.storyboard */ = {
			isa = PBXVariantGroup;
			children = (
				A89755F02162EBED002566B1 /* Base */,
			);
			name = Main.storyboard;
			sourceTree = "<group>";
		};
		A89755F42162EBF0002566B1 /* LaunchScreen.storyboard */ = {
			isa = PBXVariantGroup;
			children = (
				A89755F52162EBF0002566B1 /* Base */,
			);
			name = LaunchScreen.storyboard;
			sourceTree = "<group>";
		};
/* End PBXVariantGroup section */

/* Begin XCBuildConfiguration section */
		A897560E2162EBF0002566B1 /* Debug */ = {
			isa = XCBuildConfiguration;
			buildSettings = {
				ALWAYS_SEARCH_USER_PATHS = NO;
				CLANG_ANALYZER_NONNULL = YES;
				CLANG_ANALYZER_NUMBER_OBJECT_CONVERSION = YES_AGGRESSIVE;
				CLANG_CXX_LANGUAGE_STANDARD = "gnu++14";
				CLANG_CXX_LIBRARY = "libc++";
				CLANG_ENABLE_MODULES = YES;
				CLANG_ENABLE_OBJC_ARC = YES;
				CLANG_ENABLE_OBJC_WEAK = YES;
				CLANG_WARN_BLOCK_CAPTURE_AUTORELEASING = YES;
				CLANG_WARN_BOOL_CONVERSION = YES;
				CLANG_WARN_COMMA = YES;
				CLANG_WARN_CONSTANT_CONVERSION = YES;
				CLANG_WARN_DEPRECATED_OBJC_IMPLEMENTATIONS = YES;
				CLANG_WARN_DIRECT_OBJC_ISA_USAGE = YES_ERROR;
				CLANG_WARN_DOCUMENTATION_COMMENTS = YES;
				CLANG_WARN_EMPTY_BODY = YES;
				CLANG_WARN_ENUM_CONVERSION = YES;
				CLANG_WARN_INFINITE_RECURSION = YES;
				CLANG_WARN_INT_CONVERSION = YES;
				CLANG_WARN_NON_LITERAL_NULL_CONVERSION = YES;
				CLANG_WARN_OBJC_IMPLICIT_RETAIN_SELF = YES;
				CLANG_WARN_OBJC_LITERAL_CONVERSION = YES;
				CLANG_WARN_OBJC_ROOT_CLASS = YES_ERROR;
				CLANG_WARN_RANGE_LOOP_ANALYSIS = YES;
				CLANG_WARN_STRICT_PROTOTYPES = YES;
				CLANG_WARN_SUSPICIOUS_MOVE = YES;
				CLANG_WARN_UNGUARDED_AVAILABILITY = YES_AGGRESSIVE;
				CLANG_WARN_UNREACHABLE_CODE = YES;
				CLANG_WARN__DUPLICATE_METHOD_MATCH = YES;
				CODE_SIGN_IDENTITY = "iPhone Developer";
				COPY_PHASE_STRIP = NO;
				DEBUG_INFORMATION_FORMAT = dwarf;
				ENABLE_STRICT_OBJC_MSGSEND = YES;
				ENABLE_TESTABILITY = YES;
				GCC_C_LANGUAGE_STANDARD = gnu11;
				GCC_DYNAMIC_NO_PIC = NO;
				GCC_NO_COMMON_BLOCKS = YES;
				GCC_OPTIMIZATION_LEVEL = 0;
				GCC_PREPROCESSOR_DEFINITIONS = (
					"DEBUG=1",
					"$(inherited)",
				);
				GCC_WARN_64_TO_32_BIT_CONVERSION = YES;
				GCC_WARN_ABOUT_RETURN_TYPE = YES_ERROR;
				GCC_WARN_UNDECLARED_SELECTOR = YES;
				GCC_WARN_UNINITIALIZED_AUTOS = YES_AGGRESSIVE;
				GCC_WARN_UNUSED_FUNCTION = YES;
				GCC_WARN_UNUSED_VARIABLE = YES;
				IPHONEOS_DEPLOYMENT_TARGET = 12.0;
				MTL_ENABLE_DEBUG_INFO = INCLUDE_SOURCE;
				MTL_FAST_MATH = YES;
				ONLY_ACTIVE_ARCH = YES;
				SDKROOT = iphoneos;
				SWIFT_ACTIVE_COMPILATION_CONDITIONS = DEBUG;
				SWIFT_OPTIMIZATION_LEVEL = "-Onone";
			};
			name = Debug;
		};
		A897560F2162EBF0002566B1 /* Release */ = {
			isa = XCBuildConfiguration;
			buildSettings = {
				ALWAYS_SEARCH_USER_PATHS = NO;
				CLANG_ANALYZER_NONNULL = YES;
				CLANG_ANALYZER_NUMBER_OBJECT_CONVERSION = YES_AGGRESSIVE;
				CLANG_CXX_LANGUAGE_STANDARD = "gnu++14";
				CLANG_CXX_LIBRARY = "libc++";
				CLANG_ENABLE_MODULES = YES;
				CLANG_ENABLE_OBJC_ARC = YES;
				CLANG_ENABLE_OBJC_WEAK = YES;
				CLANG_WARN_BLOCK_CAPTURE_AUTORELEASING = YES;
				CLANG_WARN_BOOL_CONVERSION = YES;
				CLANG_WARN_COMMA = YES;
				CLANG_WARN_CONSTANT_CONVERSION = YES;
				CLANG_WARN_DEPRECATED_OBJC_IMPLEMENTATIONS = YES;
				CLANG_WARN_DIRECT_OBJC_ISA_USAGE = YES_ERROR;
				CLANG_WARN_DOCUMENTATION_COMMENTS = YES;
				CLANG_WARN_EMPTY_BODY = YES;
				CLANG_WARN_ENUM_CONVERSION = YES;
				CLANG_WARN_INFINITE_RECURSION = YES;
				CLANG_WARN_INT_CONVERSION = YES;
				CLANG_WARN_NON_LITERAL_NULL_CONVERSION = YES;
				CLANG_WARN_OBJC_IMPLICIT_RETAIN_SELF = YES;
				CLANG_WARN_OBJC_LITERAL_CONVERSION = YES;
				CLANG_WARN_OBJC_ROOT_CLASS = YES_ERROR;
				CLANG_WARN_RANGE_LOOP_ANALYSIS = YES;
				CLANG_WARN_STRICT_PROTOTYPES = YES;
				CLANG_WARN_SUSPICIOUS_MOVE = YES;
				CLANG_WARN_UNGUARDED_AVAILABILITY = YES_AGGRESSIVE;
				CLANG_WARN_UNREACHABLE_CODE = YES;
				CLANG_WARN__DUPLICATE_METHOD_MATCH = YES;
				CODE_SIGN_IDENTITY = "iPhone Developer";
				COPY_PHASE_STRIP = NO;
				DEBUG_INFORMATION_FORMAT = "dwarf-with-dsym";
				ENABLE_NS_ASSERTIONS = NO;
				ENABLE_STRICT_OBJC_MSGSEND = YES;
				GCC_C_LANGUAGE_STANDARD = gnu11;
				GCC_NO_COMMON_BLOCKS = YES;
				GCC_WARN_64_TO_32_BIT_CONVERSION = YES;
				GCC_WARN_ABOUT_RETURN_TYPE = YES_ERROR;
				GCC_WARN_UNDECLARED_SELECTOR = YES;
				GCC_WARN_UNINITIALIZED_AUTOS = YES_AGGRESSIVE;
				GCC_WARN_UNUSED_FUNCTION = YES;
				GCC_WARN_UNUSED_VARIABLE = YES;
				IPHONEOS_DEPLOYMENT_TARGET = 12.0;
				MTL_ENABLE_DEBUG_INFO = NO;
				MTL_FAST_MATH = YES;
				SDKROOT = iphoneos;
				SWIFT_COMPILATION_MODE = wholemodule;
				SWIFT_OPTIMIZATION_LEVEL = "-O";
				VALIDATE_PRODUCT = YES;
			};
			name = Release;
		};
		A89756112162EBF0002566B1 /* Debug */ = {
			isa = XCBuildConfiguration;
			buildSettings = {
				ASSETCATALOG_COMPILER_APPICON_NAME = AppIcon;
				CODE_SIGN_STYLE = Automatic;
				INFOPLIST_FILE = Hello/Info.plist;
				IPHONEOS_DEPLOYMENT_TARGET = 12.0;
				LD_RUNPATH_SEARCH_PATHS = (
					"$(inherited)",
					"@executable_path/Frameworks",
				);
				PRODUCT_BUNDLE_IDENTIFIER = sarthak.Hello;
				PRODUCT_NAME = "$(TARGET_NAME)";
				SWIFT_VERSION = 4.2;
				TARGETED_DEVICE_FAMILY = 1;
			};
			name = Debug;
		};
		A89756122162EBF0002566B1 /* Release */ = {
			isa = XCBuildConfiguration;
			buildSettings = {
				ASSETCATALOG_COMPILER_APPICON_NAME = AppIcon;
				CODE_SIGN_STYLE = Automatic;
				INFOPLIST_FILE = Hello/Info.plist;
				IPHONEOS_DEPLOYMENT_TARGET = 12.0;
				LD_RUNPATH_SEARCH_PATHS = (
					"$(inherited)",
					"@executable_path/Frameworks",
				);
				PRODUCT_BUNDLE_IDENTIFIER = sarthak.Hello;
				PRODUCT_NAME = "$(TARGET_NAME)";
				SWIFT_VERSION = 4.2;
				TARGETED_DEVICE_FAMILY = 1;
			};
			name = Release;
		};
		A89756142162EBF0002566B1 /* Debug */ = {
			isa = XCBuildConfiguration;
			buildSettings = {
				ALWAYS_EMBED_SWIFT_STANDARD_LIBRARIES = YES;
				BUNDLE_LOADER = "$(TEST_HOST)";
				CODE_SIGN_STYLE = Automatic;
				INFOPLIST_FILE = HelloTests/Info.plist;
				LD_RUNPATH_SEARCH_PATHS = (
					"$(inherited)",
					"@executable_path/Frameworks",
					"@loader_path/Frameworks",
				);
				PRODUCT_BUNDLE_IDENTIFIER = sarthak.HelloTests;
				PRODUCT_NAME = "$(TARGET_NAME)";
				SWIFT_VERSION = 4.2;
				TARGETED_DEVICE_FAMILY = "1,2";
				TEST_HOST = "$(BUILT_PRODUCTS_DIR)/Hello.app/Hello";
			};
			name = Debug;
		};
		A89756152162EBF0002566B1 /* Release */ = {
			isa = XCBuildConfiguration;
			buildSettings = {
				ALWAYS_EMBED_SWIFT_STANDARD_LIBRARIES = YES;
				BUNDLE_LOADER = "$(TEST_HOST)";
				CODE_SIGN_STYLE = Automatic;
				INFOPLIST_FILE = HelloTests/Info.plist;
				LD_RUNPATH_SEARCH_PATHS = (
					"$(inherited)",
					"@executable_path/Frameworks",
					"@loader_path/Frameworks",
				);
				PRODUCT_BUNDLE_IDENTIFIER = sarthak.HelloTests;
				PRODUCT_NAME = "$(TARGET_NAME)";
				SWIFT_VERSION = 4.2;
				TARGETED_DEVICE_FAMILY = "1,2";
				TEST_HOST = "$(BUILT_PRODUCTS_DIR)/Hello.app/Hello";
			};
			name = Release;
		};
		A89756172162EBF0002566B1 /* Debug */ = {
			isa = XCBuildConfiguration;
			buildSettings = {
				ALWAYS_EMBED_SWIFT_STANDARD_LIBRARIES = YES;
				CODE_SIGN_STYLE = Automatic;
				INFOPLIST_FILE = HelloUITests/Info.plist;
				LD_RUNPATH_SEARCH_PATHS = (
					"$(inherited)",
					"@executable_path/Frameworks",
					"@loader_path/Frameworks",
				);
				PRODUCT_BUNDLE_IDENTIFIER = sarthak.HelloUITests;
				PRODUCT_NAME = "$(TARGET_NAME)";
				SWIFT_VERSION = 4.2;
				TARGETED_DEVICE_FAMILY = "1,2";
				TEST_TARGET_NAME = Hello;
			};
			name = Debug;
		};
		A89756182162EBF0002566B1 /* Release */ = {
			isa = XCBuildConfiguration;
			buildSettings = {
				ALWAYS_EMBED_SWIFT_STANDARD_LIBRARIES = YES;
				CODE_SIGN_STYLE = Automatic;
				INFOPLIST_FILE = HelloUITests/Info.plist;
				LD_RUNPATH_SEARCH_PATHS = (
					"$(inherited)",
					"@executable_path/Frameworks",
					"@loader_path/Frameworks",
				);
				PRODUCT_BUNDLE_IDENTIFIER = sarthak.HelloUITests;
				PRODUCT_NAME = "$(TARGET_NAME)";
				SWIFT_VERSION = 4.2;
				TARGETED_DEVICE_FAMILY = "1,2";
				TEST_TARGET_NAME = Hello;
			};
			name = Release;
		};
/* End XCBuildConfiguration section */

/* Begin XCConfigurationList section */
		A89755E32162EBED002566B1 /* Build configuration list for PBXProject "Hello" */ = {
			isa = XCConfigurationList;
			buildConfigurations = (
				A897560E2162EBF0002566B1 /* Debug */,
				A897560F2162EBF0002566B1 /* Release */,
			);
			defaultConfigurationIsVisible = 0;
			defaultConfigurationName = Release;
		};
		A89756102162EBF0002566B1 /* Build configuration list for PBXNativeTarget "Hello" */ = {
			isa = XCConfigurationList;
			buildConfigurations = (
				A89756112162EBF0002566B1 /* Debug */,
				A89756122162EBF0002566B1 /* Release */,
			);
			defaultConfigurationIsVisible = 0;
			defaultConfigurationName = Release;
		};
		A89756132162EBF0002566B1 /* Build configuration list for PBXNativeTarget "HelloTests" */ = {
			isa = XCConfigurationList;
			buildConfigurations = (
				A89756142162EBF0002566B1 /* Debug */,
				A89756152162EBF0002566B1 /* Release */,
			);
			defaultConfigurationIsVisible = 0;
			defaultConfigurationName = Release;
		};
		A89756162162EBF0002566B1 /* Build configuration list for PBXNativeTarget "HelloUITests" */ = {
			isa = XCConfigurationList;
			buildConfigurations = (
				A89756172162EBF0002566B1 /* Debug */,
				A89756182162EBF0002566B1 /* Release */,
			);
			defaultConfigurationIsVisible = 0;
			defaultConfigurationName = Release;
		};
/* End XCConfigurationList section */
	};
	rootObject = A89755E02162EBED002566B1 /* Project object */;
}
